
Microsoft Visual Studio Solution File, Format Version 11.00
# Visual Studio 2010
Project("{FAE04EC0-301F-11D3-BF4B-00C04F79EFBC}") = "HDMIOn", "HDMIOn.csproj", "{2ECFF923-30DF-488A-AB41-38D60F12DA9A}"
EndProject
Global
	GlobalSection(SolutionConfigurationPlatforms) = preSolution
		Debug|Any CPU = Debug|Any CPU
		Release|Any CPU = Release|Any CPU
	EndGlobalSection
	GlobalSection(ProjectConfigurationPlatforms) = postSolution
		{2ECFF923-30DF-488A-AB41-38D60F12DA9A}.Debug|Any CPU.ActiveCfg = Debug|Any CPU
		{2ECFF923-30DF-488A-AB41-38D60F12DA9A}.Debug|Any CPU.Build.0 = Debug|Any CPU
		{2ECFF923-30DF-488A-AB41-38D60F12DA9A}.Release|Any CPU.ActiveCfg = Release|Any CPU
		{2ECFF923-30DF-488A-AB41-38D60F12DA9A}.Release|Any CPU.Build.0 = Release|Any CPU
	EndGlobalSection
	GlobalSection(SolutionProperties) = preSolution
		HideSolutionNode = FALSE
	EndGlobalSection
EndGlobal
